// !$*UTF8*$!
{
	archiveVersion = 1;
	classes = {
	};
	objectVersion = 46;
	objects = {

/* Begin PBXBuildFile section */
		A169EFB81D38DBC600431D02 /* AppDelegate.swift in Sources */ = {isa = PBXBuildFile; fileRef = A169EFB71D38DBC600431D02 /* AppDelegate.swift */; };
		A169EFBA1D38DBC600431D02 /* ViewController.swift in Sources */ = {isa = PBXBuildFile; fileRef = A169EFB91D38DBC600431D02 /* ViewController.swift */; };
		A169EFBD1D38DBC600431D02 /* Main.storyboard in Resources */ = {isa = PBXBuildFile; fileRef = A169EFBB1D38DBC600431D02 /* Main.storyboard */; };
		A169EFBF1D38DBC600431D02 /* Assets.xcassets in Resources */ = {isa = PBXBuildFile; fileRef = A169EFBE1D38DBC600431D02 /* Assets.xcassets */; };
		A169EFC21D38DBC600431D02 /* LaunchScreen.storyboard in Resources */ = {isa = PBXBuildFile; fileRef = A169EFC01D38DBC600431D02 /* LaunchScreen.storyboard */; };
		A169EFCB1D38DBF300431D02 /* UIViewExtension-MJAlertView.swift in Sources */ = {isa = PBXBuildFile; fileRef = A169EFCA1D38DBF300431D02 /* UIViewExtension-MJAlertView.swift */; };
		A169EFCD1D38DC2100431D02 /* UIColorExtension-Instance.swift in Sources */ = {isa = PBXBuildFile; fileRef = A169EFCC1D38DC2100431D02 /* UIColorExtension-Instance.swift */; };
		A169EFCF1D38DC3400431D02 /* NumberExtension.swift in Sources */ = {isa = PBXBuildFile; fileRef = A169EFCE1D38DC3400431D02 /* NumberExtension.swift */; };
		A169EFD11D38DC5300431D02 /* StringExtension.swift in Sources */ = {isa = PBXBuildFile; fileRef = A169EFD01D38DC5300431D02 /* StringExtension.swift */; };
		A169EFD31D38DC6500431D02 /* CGFloatExtension.swift in Sources */ = {isa = PBXBuildFile; fileRef = A169EFD21D38DC6500431D02 /* CGFloatExtension.swift */; };
/* End PBXBuildFile section */

/* Begin PBXFileReference section */
		A169EFB41D38DBC600431D02 /* MJAlertViewDemo-Swift.app */ = {isa = PBXFileReference; explicitFileType = wrapper.application; includeInIndex = 0; path = "MJAlertViewDemo-Swift.app"; sourceTree = BUILT_PRODUCTS_DIR; };
		A169EFB71D38DBC600431D02 /* AppDelegate.swift */ = {isa = PBXFileReference; lastKnownFileType = sourcecode.swift; path = AppDelegate.swift; sourceTree = "<group>"; };
		A169EFB91D38DBC600431D02 /* ViewController.swift */ = {isa = PBXFileReference; lastKnownFileType = sourcecode.swift; path = ViewController.swift; sourceTree = "<group>"; };
		A169EFBC1D38DBC600431D02 /* Base */ = {isa = PBXFileReference; lastKnownFileType = file.storyboard; name = Base; path = Base.lproj/Main.storyboard; sourceTree = "<group>"; };
		A169EFBE1D38DBC600431D02 /* Assets.xcassets */ = {isa = PBXFileReference; lastKnownFileType = folder.assetcatalog; path = Assets.xcassets; sourceTree = "<group>"; };
		A169EFC11D38DBC600431D02 /* Base */ = {isa = PBXFileReference; lastKnownFileType = file.storyboard; name = Base; path = Base.lproj/LaunchScreen.storyboard; sourceTree = "<group>"; };
		A169EFC31D38DBC600431D02 /* Info.plist */ = {isa = PBXFileReference; lastKnownFileType = text.plist.xml; path = Info.plist; sourceTree = "<group>"; };
		A169EFCA1D38DBF300431D02 /* UIViewExtension-MJAlertView.swift */ = {isa = PBXFileReference; fileEncoding = 4; lastKnownFileType = sourcecode.swift; path = "UIViewExtension-MJAlertView.swift"; sourceTree = "<group>"; };
		A169EFCC1D38DC2100431D02 /* UIColorExtension-Instance.swift */ = {isa = PBXFileReference; fileEncoding = 4; lastKnownFileType = sourcecode.swift; path = "UIColorExtension-Instance.swift"; sourceTree = "<group>"; };
		A169EFCE1D38DC3400431D02 /* NumberExtension.swift */ = {isa = PBXFileReference; fileEncoding = 4; lastKnownFileType = sourcecode.swift; path = NumberExtension.swift; sourceTree = "<group>"; };
		A169EFD01D38DC5300431D02 /* StringExtension.swift */ = {isa = PBXFileReference; fileEncoding = 4; lastKnownFileType = sourcecode.swift; path = StringExtension.swift; sourceTree = "<group>"; };
		A169EFD21D38DC6500431D02 /* CGFloatExtension.swift */ = {isa = PBXFileReference; fileEncoding = 4; lastKnownFileType = sourcecode.swift; path = CGFloatExtension.swift; sourceTree = "<group>"; };
/* End PBXFileReference section */

/* Begin PBXFrameworksBuildPhase section */
		A169EFB11D38DBC600431D02 /* Frameworks */ = {
			isa = PBXFrameworksBuildPhase;
			buildActionMask = 2147483647;
			files = (
			);
			runOnlyForDeploymentPostprocessing = 0;
		};
/* End PBXFrameworksBuildPhase section */

/* Begin PBXGroup section */
		A169EFAB1D38DBC600431D02 = {
			isa = PBXGroup;
			children = (
				A169EFB61D38DBC600431D02 /* MJAlertViewDemo-Swift */,
				A169EFB51D38DBC600431D02 /* Products */,
			);
			sourceTree = "<group>";
		};
		A169EFB51D38DBC600431D02 /* Products */ = {
			isa = PBXGroup;
			children = (
				A169EFB41D38DBC600431D02 /* MJAlertViewDemo-Swift.app */,
			);
			name = Products;
			sourceTree = "<group>";
		};
		A169EFB61D38DBC600431D02 /* MJAlertViewDemo-Swift */ = {
			isa = PBXGroup;
			children = (
				A169EFC91D38DBF300431D02 /* MJAlertView-Swift */,
				A169EFB71D38DBC600431D02 /* AppDelegate.swift */,
				A169EFB91D38DBC600431D02 /* ViewController.swift */,
				A169EFBB1D38DBC600431D02 /* Main.storyboard */,
				A169EFBE1D38DBC600431D02 /* Assets.xcassets */,
				A169EFC01D38DBC600431D02 /* LaunchScreen.storyboard */,
				A169EFC31D38DBC600431D02 /* Info.plist */,
			);
			path = "MJAlertViewDemo-Swift";
			sourceTree = "<group>";
		};
		A169EFC91D38DBF300431D02 /* MJAlertView-Swift */ = {
			isa = PBXGroup;
			children = (
				A169EFD21D38DC6500431D02 /* CGFloatExtension.swift */,
				A169EFD01D38DC5300431D02 /* StringExtension.swift */,
				A169EFCE1D38DC3400431D02 /* NumberExtension.swift */,
				A169EFCC1D38DC2100431D02 /* UIColorExtension-Instance.swift */,
				A169EFCA1D38DBF300431D02 /* UIViewExtension-MJAlertView.swift */,
			);
			path = "MJAlertView-Swift";
			sourceTree = "<group>";
		};
/* End PBXGroup section */

/* Begin PBXNativeTarget section */
		A169EFB31D38DBC600431D02 /* MJAlertViewDemo-Swift */ = {
			isa = PBXNativeTarget;
			buildConfigurationList = A169EFC61D38DBC600431D02 /* Build configuration list for PBXNativeTarget "MJAlertViewDemo-Swift" */;
			buildPhases = (
				A169EFB01D38DBC600431D02 /* Sources */,
				A169EFB11D38DBC600431D02 /* Frameworks */,
				A169EFB21D38DBC600431D02 /* Resources */,
			);
			buildRules = (
			);
			dependencies = (
			);
			name = "MJAlertViewDemo-Swift";
			productName = "MJAlertViewDemo-Swift";
			productReference = A169EFB41D38DBC600431D02 /* MJAlertViewDemo-Swift.app */;
			productType = "com.apple.product-type.application";
		};
/* End PBXNativeTarget section */

/* Begin PBXProject section */
		A169EFAC1D38DBC600431D02 /* Project object */ = {
			isa = PBXProject;
			attributes = {
				LastSwiftUpdateCheck = 0730;
				LastUpgradeCheck = 0730;
				ORGANIZATIONNAME = Jason;
				TargetAttributes = {
					A169EFB31D38DBC600431D02 = {
						CreatedOnToolsVersion = 7.3.1;
					};
				};
			};
			buildConfigurationList = A169EFAF1D38DBC600431D02 /* Build configuration list for PBXProject "MJAlertViewDemo-Swift" */;
			compatibilityVersion = "Xcode 3.2";
			developmentRegion = English;
			hasScannedForEncodings = 0;
			knownRegions = (
				en,
				Base,
			);
			mainGroup = A169EFAB1D38DBC600431D02;
			productRefGroup = A169EFB51D38DBC600431D02 /* Products */;
			projectDirPath = "";
			projectRoot = "";
			targets = (
				A169EFB31D38DBC600431D02 /* MJAlertViewDemo-Swift */,
			);
		};
/* End PBXProject section */

/* Begin PBXResourcesBuildPhase section */
		A169EFB21D38DBC600431D02 /* Resources */ = {
			isa = PBXResourcesBuildPhase;
			buildActionMask = 2147483647;
			files = (
				A169EFC21D38DBC600431D02 /* LaunchScreen.storyboard in Resources */,
				A169EFBF1D38DBC600431D02 /* Assets.xcassets in Resources */,
				A169EFBD1D38DBC600431D02 /* Main.storyboard in Resources */,
			);
			runOnlyForDeploymentPostprocessing = 0;
		};
/* End PBXResourcesBuildPhase section */

/* Begin PBXSourcesBuildPhase section */
		A169EFB01D38DBC600431D02 /* Sources */ = {
			isa = PBXSourcesBuildPhase;
			buildActionMask = 2147483647;
			files = (
				A169EFBA1D38DBC600431D02 /* ViewController.swift in Sources */,
				A169EFB81D38DBC600431D02 /* AppDelegate.swift in Sources */,
				A169EFD11D38DC5300431D02 /* StringExtension.swift in Sources */,
				A169EFD31D38DC6500431D02 /* CGFloatExtension.swift in Sources */,
				A169EFCD1D38DC2100431D02 /* UIColorExtension-Instance.swift in Sources */,
				A169EFCB1D38DBF300431D02 /* UIViewExtension-MJAlertView.swift in Sources */,
				A169EFCF1D38DC3400431D02 /* NumberExtension.swift in Sources */,
			);
			runOnlyForDeploymentPostprocessing = 0;
		};
/* End PBXSourcesBuildPhase section */

/* Begin PBXVariantGroup section */
		A169EFBB1D38DBC600431D02 /* Main.storyboard */ = {
			isa = PBXVariantGroup;
			children = (
				A169EFBC1D38DBC600431D02 /* Base */,
			);
			name = Main.storyboard;
			sourceTree = "<group>";
		};
		A169EFC01D38DBC600431D02 /* LaunchScreen.storyboard */ = {
			isa = PBXVariantGroup;
			children = (
				A169EFC11D38DBC600431D02 /* Base */,
			);
			name = LaunchScreen.storyboard;
			sourceTree = "<group>";
		};
/* End PBXVariantGroup section */

/* Begin XCBuildConfiguration section */
		A169EFC41D38DBC600431D02 /* Debug */ = {
			isa = XCBuildConfiguration;
			buildSettings = {
				ALWAYS_SEARCH_USER_PATHS = NO;
				CLANG_ANALYZER_NONNULL = YES;
				CLANG_CXX_LANGUAGE_STANDARD = "gnu++0x";
				CLANG_CXX_LIBRARY = "libc++";
				CLANG_ENABLE_MODULES = YES;
				CLANG_ENABLE_OBJC_ARC = YES;
				CLANG_WARN_BOOL_CONVERSION = YES;
				CLANG_WARN_CONSTANT_CONVERSION = YES;
				CLANG_WARN_DIRECT_OBJC_ISA_USAGE = YES_ERROR;
				CLANG_WARN_EMPTY_BODY = YES;
				CLANG_WARN_ENUM_CONVERSION = YES;
				CLANG_WARN_INT_CONVERSION = YES;
				CLANG_WARN_OBJC_ROOT_CLASS = YES_ERROR;
				CLANG_WARN_UNREACHABLE_CODE = YES;
				CLANG_WARN__DUPLICATE_METHOD_MATCH = YES;
				"CODE_SIGN_IDENTITY[sdk=iphoneos*]" = "iPhone Developer";
				COPY_PHASE_STRIP = NO;
				DEBUG_INFORMATION_FORMAT = dwarf;
				ENABLE_STRICT_OBJC_MSGSEND = YES;
				ENABLE_TESTABILITY = YES;
				GCC_C_LANGUAGE_STANDARD = gnu99;
				GCC_DYNAMIC_NO_PIC = NO;
				GCC_NO_COMMON_BLOCKS = YES;
				GCC_OPTIMIZATION_LEVEL = 0;
				GCC_PREPROCESSOR_DEFINITIONS = (
					"DEBUG=1",
					"$(inherited)",
				);
				GCC_WARN_64_TO_32_BIT_CONVERSION = YES;
				GCC_WARN_ABOUT_RETURN_TYPE = YES_ERROR;
				GCC_WARN_UNDECLARED_SELECTOR = YES;
				GCC_WARN_UNINITIALIZED_AUTOS = YES_AGGRESSIVE;
				GCC_WARN_UNUSED_FUNCTION = YES;
				GCC_WARN_UNUSED_VARIABLE = YES;
				IPHONEOS_DEPLOYMENT_TARGET = 9.3;
				MTL_ENABLE_DEBUG_INFO = YES;
				ONLY_ACTIVE_ARCH = YES;
				SDKROOT = iphoneos;
				SWIFT_OPTIMIZATION_LEVEL = "-Onone";
			};
			name = Debug;
		};
		A169EFC51D38DBC600431D02 /* Release */ = {
			isa = XCBuildConfiguration;
			buildSettings = {
				ALWAYS_SEARCH_USER_PATHS = NO;
				CLANG_ANALYZER_NONNULL = YES;
				CLANG_CXX_LANGUAGE_STANDARD = "gnu++0x";
				CLANG_CXX_LIBRARY = "libc++";
				CLANG_ENABLE_MODULES = YES;
				CLANG_ENABLE_OBJC_ARC = YES;
				CLANG_WARN_BOOL_CONVERSION = YES;
				CLANG_WARN_CONSTANT_CONVERSION = YES;
				CLANG_WARN_DIRECT_OBJC_ISA_USAGE = YES_ERROR;
				CLANG_WARN_EMPTY_BODY = YES;
				CLANG_WARN_ENUM_CONVERSION = YES;
				CLANG_WARN_INT_CONVERSION = YES;
				CLANG_WARN_OBJC_ROOT_CLASS = YES_ERROR;
				CLANG_WARN_UNREACHABLE_CODE = YES;
				CLANG_WARN__DUPLICATE_METHOD_MATCH = YES;
				"CODE_SIGN_IDENTITY[sdk=iphoneos*]" = "iPhone Developer";
				COPY_PHASE_STRIP = NO;
				DEBUG_INFORMATION_FORMAT = "dwarf-with-dsym";
				ENABLE_NS_ASSERTIONS = NO;
				ENABLE_STRICT_OBJC_MSGSEND = YES;
				GCC_C_LANGUAGE_STANDARD = gnu99;
				GCC_NO_COMMON_BLOCKS = YES;
				GCC_WARN_64_TO_32_BIT_CONVERSION = YES;
				GCC_WARN_ABOUT_RETURN_TYPE = YES_ERROR;
				GCC_WARN_UNDECLARED_SELECTOR = YES;
				GCC_WARN_UNINITIALIZED_AUTOS = YES_AGGRESSIVE;
				GCC_WARN_UNUSED_FUNCTION = YES;
				GCC_WARN_UNUSED_VARIABLE = YES;
				IPHONEOS_DEPLOYMENT_TARGET = 9.3;
				MTL_ENABLE_DEBUG_INFO = NO;
				SDKROOT = iphoneos;
				VALIDATE_PRODUCT = YES;
			};
			name = Release;
		};
		A169EFC71D38DBC600431D02 /* Debug */ = {
			isa = XCBuildConfiguration;
			buildSettings = {
				ASSETCATALOG_COMPILER_APPICON_NAME = AppIcon;
				INFOPLIST_FILE = "MJAlertViewDemo-Swift/Info.plist";
				LD_RUNPATH_SEARCH_PATHS = "$(inherited) @executable_path/Frameworks";
				PRODUCT_BUNDLE_IDENTIFIER = "com.WeSwift.MJAlertViewDemo-Swift";
				PRODUCT_NAME = "$(TARGET_NAME)";
			};
			name = Debug;
		};
		A169EFC81D38DBC600431D02 /* Release */ = {
			isa = XCBuildConfiguration;
			buildSettings = {
				ASSETCATALOG_COMPILER_APPICON_NAME = AppIcon;
				INFOPLIST_FILE = "MJAlertViewDemo-Swift/Info.plist";
				LD_RUNPATH_SEARCH_PATHS = "$(inherited) @executable_path/Frameworks";
				PRODUCT_BUNDLE_IDENTIFIER = "com.WeSwift.MJAlertViewDemo-Swift";
				PRODUCT_NAME = "$(TARGET_NAME)";
			};
			name = Release;
		};
/* End XCBuildConfiguration section */

/* Begin XCConfigurationList section */
		A169EFAF1D38DBC600431D02 /* Build configuration list for PBXProject "MJAlertViewDemo-Swift" */ = {
			isa = XCConfigurationList;
			buildConfigurations = (
				A169EFC41D38DBC600431D02 /* Debug */,
				A169EFC51D38DBC600431D02 /* Release */,
			);
			defaultConfigurationIsVisible = 0;
			defaultConfigurationName = Release;
		};
		A169EFC61D38DBC600431D02 /* Build configuration list for PBXNativeTarget "MJAlertViewDemo-Swift" */ = {
			isa = XCConfigurationList;
			buildConfigurations = (
				A169EFC71D38DBC600431D02 /* Debug */,
				A169EFC81D38DBC600431D02 /* Release */,
			);
			defaultConfigurationIsVisible = 0;
		};
/* End XCConfigurationList section */
	};
	rootObject = A169EFAC1D38DBC600431D02 /* Project object */;
}
